
Microsoft Visual Studio Solution File, Format Version 12.00
# Visual Studio 14
VisualStudioVersion = 14.0.25420.1
MinimumVisualStudioVersion = 10.0.40219.1
Project("{FAE04EC0-301F-11D3-BF4B-00C04F79EFBC}") = "SitioWeb", "SitioWeb\SitioWeb.csproj", "{93A4333E-F08E-48D8-9215-74211158905E}"
EndProject
Project("{FAE04EC0-301F-11D3-BF4B-00C04F79EFBC}") = "UtileriasGlobales", "UtileriasGlobales\UtileriasGlobales.csproj", "{A72F19A3-0219-40B8-A572-45092E1697AC}"
EndProject
Global
	GlobalSection(SolutionConfigurationPlatforms) = preSolution
		Debug|Any CPU = Debug|Any CPU
		Release|Any CPU = Release|Any CPU
	EndGlobalSection
	GlobalSection(ProjectConfigurationPlatforms) = postSolution
		{93A4333E-F08E-48D8-9215-74211158905E}.Debug|Any CPU.ActiveCfg = Debug|Any CPU
		{93A4333E-F08E-48D8-9215-74211158905E}.Debug|Any CPU.Build.0 = Debug|Any CPU
		{93A4333E-F08E-48D8-9215-74211158905E}.Release|Any CPU.ActiveCfg = Release|Any CPU
		{93A4333E-F08E-48D8-9215-74211158905E}.Release|Any CPU.Build.0 = Release|Any CPU
		{A72F19A3-0219-40B8-A572-45092E1697AC}.Debug|Any CPU.ActiveCfg = Debug|Any CPU
		{A72F19A3-0219-40B8-A572-45092E1697AC}.Debug|Any CPU.Build.0 = Debug|Any CPU
		{A72F19A3-0219-40B8-A572-45092E1697AC}.Release|Any CPU.ActiveCfg = Release|Any CPU
		{A72F19A3-0219-40B8-A572-45092E1697AC}.Release|Any CPU.Build.0 = Release|Any CPU
	EndGlobalSection
	GlobalSection(SolutionProperties) = preSolution
		HideSolutionNode = FALSE
	EndGlobalSection
EndGlobal
